// !$*UTF8*$!
{
	archiveVersion = 1;
	classes = {
	};
	objectVersion = 55;
	objects = {

/* Begin PBXBuildFile section */
		19F566A84B29086598514729 /* Pods_API_Call_insta_dmeo.framework in Frameworks */ = {isa = PBXBuildFile; fileRef = F7E3B24618F50AE81DAF83E8 /* Pods_API_Call_insta_dmeo.framework */; };
		4BFF1DAC28C33C7E002A6A65 /* AppDelegate.swift in Sources */ = {isa = PBXBuildFile; fileRef = 4BFF1DAB28C33C7E002A6A65 /* AppDelegate.swift */; };
		4BFF1DAE28C33C7E002A6A65 /* SceneDelegate.swift in Sources */ = {isa = PBXBuildFile; fileRef = 4BFF1DAD28C33C7E002A6A65 /* SceneDelegate.swift */; };
		4BFF1DB028C33C7E002A6A65 /* ViewController.swift in Sources */ = {isa = PBXBuildFile; fileRef = 4BFF1DAF28C33C7E002A6A65 /* ViewController.swift */; };
		4BFF1DB328C33C7E002A6A65 /* Main.storyboard in Resources */ = {isa = PBXBuildFile; fileRef = 4BFF1DB128C33C7E002A6A65 /* Main.storyboard */; };
		4BFF1DB528C33C7F002A6A65 /* Assets.xcassets in Resources */ = {isa = PBXBuildFile; fileRef = 4BFF1DB428C33C7F002A6A65 /* Assets.xcassets */; };
		4BFF1DB828C33C7F002A6A65 /* LaunchScreen.storyboard in Resources */ = {isa = PBXBuildFile; fileRef = 4BFF1DB628C33C7F002A6A65 /* LaunchScreen.storyboard */; };
		4BFF1DC028C33D13002A6A65 /* TableViewCell.swift in Sources */ = {isa = PBXBuildFile; fileRef = 4BFF1DBF28C33D13002A6A65 /* TableViewCell.swift */; };
		4BFF1DC428C34736002A6A65 /* model.swift in Sources */ = {isa = PBXBuildFile; fileRef = 4BFF1DC328C34736002A6A65 /* model.swift */; };
/* End PBXBuildFile section */

/* Begin PBXFileReference section */
		3862C2E135871F264BFC9DD6 /* Pods-API_Call_insta_dmeo.release.xcconfig */ = {isa = PBXFileReference; includeInIndex = 1; lastKnownFileType = text.xcconfig; name = "Pods-API_Call_insta_dmeo.release.xcconfig"; path = "Target Support Files/Pods-API_Call_insta_dmeo/Pods-API_Call_insta_dmeo.release.xcconfig"; sourceTree = "<group>"; };
		4BFF1DA828C33C7E002A6A65 /* API_Call_insta_dmeo.app */ = {isa = PBXFileReference; explicitFileType = wrapper.application; includeInIndex = 0; path = API_Call_insta_dmeo.app; sourceTree = BUILT_PRODUCTS_DIR; };
		4BFF1DAB28C33C7E002A6A65 /* AppDelegate.swift */ = {isa = PBXFileReference; lastKnownFileType = sourcecode.swift; path = AppDelegate.swift; sourceTree = "<group>"; };
		4BFF1DAD28C33C7E002A6A65 /* SceneDelegate.swift */ = {isa = PBXFileReference; lastKnownFileType = sourcecode.swift; path = SceneDelegate.swift; sourceTree = "<group>"; };
		4BFF1DAF28C33C7E002A6A65 /* ViewController.swift */ = {isa = PBXFileReference; lastKnownFileType = sourcecode.swift; path = ViewController.swift; sourceTree = "<group>"; };
		4BFF1DB228C33C7E002A6A65 /* Base */ = {isa = PBXFileReference; lastKnownFileType = file.storyboard; name = Base; path = Base.lproj/Main.storyboard; sourceTree = "<group>"; };
		4BFF1DB428C33C7F002A6A65 /* Assets.xcassets */ = {isa = PBXFileReference; lastKnownFileType = folder.assetcatalog; path = Assets.xcassets; sourceTree = "<group>"; };
		4BFF1DB728C33C7F002A6A65 /* Base */ = {isa = PBXFileReference; lastKnownFileType = file.storyboard; name = Base; path = Base.lproj/LaunchScreen.storyboard; sourceTree = "<group>"; };
		4BFF1DB928C33C7F002A6A65 /* Info.plist */ = {isa = PBXFileReference; lastKnownFileType = text.plist.xml; path = Info.plist; sourceTree = "<group>"; };
		4BFF1DBF28C33D13002A6A65 /* TableViewCell.swift */ = {isa = PBXFileReference; lastKnownFileType = sourcecode.swift; path = TableViewCell.swift; sourceTree = "<group>"; };
		4BFF1DC328C34736002A6A65 /* model.swift */ = {isa = PBXFileReference; lastKnownFileType = sourcecode.swift; path = model.swift; sourceTree = "<group>"; };
		78DAAF3BBE7B6F1859E83E68 /* Pods-API_Call_insta_dmeo.debug.xcconfig */ = {isa = PBXFileReference; includeInIndex = 1; lastKnownFileType = text.xcconfig; name = "Pods-API_Call_insta_dmeo.debug.xcconfig"; path = "Target Support Files/Pods-API_Call_insta_dmeo/Pods-API_Call_insta_dmeo.debug.xcconfig"; sourceTree = "<group>"; };
		F7E3B24618F50AE81DAF83E8 /* Pods_API_Call_insta_dmeo.framework */ = {isa = PBXFileReference; explicitFileType = wrapper.framework; includeInIndex = 0; path = Pods_API_Call_insta_dmeo.framework; sourceTree = BUILT_PRODUCTS_DIR; };
/* End PBXFileReference section */

/* Begin PBXFrameworksBuildPhase section */
		4BFF1DA528C33C7E002A6A65 /* Frameworks */ = {
			isa = PBXFrameworksBuildPhase;
			buildActionMask = 2147483647;
			files = (
				19F566A84B29086598514729 /* Pods_API_Call_insta_dmeo.framework in Frameworks */,
			);
			runOnlyForDeploymentPostprocessing = 0;
		};
/* End PBXFrameworksBuildPhase section */

/* Begin PBXGroup section */
		21974954C98F3B6EC863E24C /* Pods */ = {
			isa = PBXGroup;
			children = (
				78DAAF3BBE7B6F1859E83E68 /* Pods-API_Call_insta_dmeo.debug.xcconfig */,
				3862C2E135871F264BFC9DD6 /* Pods-API_Call_insta_dmeo.release.xcconfig */,
			);
			name = Pods;
			path = Pods;
			sourceTree = "<group>";
		};
		4BFF1D9F28C33C7E002A6A65 = {
			isa = PBXGroup;
			children = (
				4BFF1DAA28C33C7E002A6A65 /* API_Call_insta_dmeo */,
				4BFF1DA928C33C7E002A6A65 /* Products */,
				21974954C98F3B6EC863E24C /* Pods */,
				EE992509B532419ACEADBA02 /* Frameworks */,
			);
			sourceTree = "<group>";
		};
		4BFF1DA928C33C7E002A6A65 /* Products */ = {
			isa = PBXGroup;
			children = (
				4BFF1DA828C33C7E002A6A65 /* API_Call_insta_dmeo.app */,
			);
			name = Products;
			sourceTree = "<group>";
		};
		4BFF1DAA28C33C7E002A6A65 /* API_Call_insta_dmeo */ = {
			isa = PBXGroup;
			children = (
				4BFF1DAB28C33C7E002A6A65 /* AppDelegate.swift */,
				4BFF1DAD28C33C7E002A6A65 /* SceneDelegate.swift */,
				4BFF1DAF28C33C7E002A6A65 /* ViewController.swift */,
				4BFF1DC328C34736002A6A65 /* model.swift */,
				4BFF1DB128C33C7E002A6A65 /* Main.storyboard */,
				4BFF1DBF28C33D13002A6A65 /* TableViewCell.swift */,
				4BFF1DB428C33C7F002A6A65 /* Assets.xcassets */,
				4BFF1DB628C33C7F002A6A65 /* LaunchScreen.storyboard */,
				4BFF1DB928C33C7F002A6A65 /* Info.plist */,
			);
			path = API_Call_insta_dmeo;
			sourceTree = "<group>";
		};
		EE992509B532419ACEADBA02 /* Frameworks */ = {
			isa = PBXGroup;
			children = (
				F7E3B24618F50AE81DAF83E8 /* Pods_API_Call_insta_dmeo.framework */,
			);
			name = Frameworks;
			sourceTree = "<group>";
		};
/* End PBXGroup section */

/* Begin PBXNativeTarget section */
		4BFF1DA728C33C7E002A6A65 /* API_Call_insta_dmeo */ = {
			isa = PBXNativeTarget;
			buildConfigurationList = 4BFF1DBC28C33C7F002A6A65 /* Build configuration list for PBXNativeTarget "API_Call_insta_dmeo" */;
			buildPhases = (
				E66566581419BD065A668FE7 /* [CP] Check Pods Manifest.lock */,
				4BFF1DA428C33C7E002A6A65 /* Sources */,
				4BFF1DA528C33C7E002A6A65 /* Frameworks */,
				4BFF1DA628C33C7E002A6A65 /* Resources */,
				EF27F4653CEA236FB7C6A28D /* [CP] Embed Pods Frameworks */,
			);
			buildRules = (
			);
			dependencies = (
			);
			name = API_Call_insta_dmeo;
			productName = API_Call_insta_dmeo;
			productReference = 4BFF1DA828C33C7E002A6A65 /* API_Call_insta_dmeo.app */;
			productType = "com.apple.product-type.application";
		};
/* End PBXNativeTarget section */

/* Begin PBXProject section */
		4BFF1DA028C33C7E002A6A65 /* Project object */ = {
			isa = PBXProject;
			attributes = {
				BuildIndependentTargetsInParallel = 1;
				LastSwiftUpdateCheck = 1340;
				LastUpgradeCheck = 1340;
				TargetAttributes = {
					4BFF1DA728C33C7E002A6A65 = {
						CreatedOnToolsVersion = 13.4.1;
					};
				};
			};
			buildConfigurationList = 4BFF1DA328C33C7E002A6A65 /* Build configuration list for PBXProject "API_Call_insta_dmeo" */;
			compatibilityVersion = "Xcode 13.0";
			developmentRegion = en;
			hasScannedForEncodings = 0;
			knownRegions = (
				en,
				Base,
			);
			mainGroup = 4BFF1D9F28C33C7E002A6A65;
			productRefGroup = 4BFF1DA928C33C7E002A6A65 /* Products */;
			projectDirPath = "";
			projectRoot = "";
			targets = (
				4BFF1DA728C33C7E002A6A65 /* API_Call_insta_dmeo */,
			);
		};
/* End PBXProject section */

/* Begin PBXResourcesBuildPhase section */
		4BFF1DA628C33C7E002A6A65 /* Resources */ = {
			isa = PBXResourcesBuildPhase;
			buildActionMask = 2147483647;
			files = (
				4BFF1DB828C33C7F002A6A65 /* LaunchScreen.storyboard in Resources */,
				4BFF1DB528C33C7F002A6A65 /* Assets.xcassets in Resources */,
				4BFF1DB328C33C7E002A6A65 /* Main.storyboard in Resources */,
			);
			runOnlyForDeploymentPostprocessing = 0;
		};
/* End PBXResourcesBuildPhase section */

/* Begin PBXShellScriptBuildPhase section */
		E66566581419BD065A668FE7 /* [CP] Check Pods Manifest.lock */ = {
			isa = PBXShellScriptBuildPhase;
			buildActionMask = 2147483647;
			files = (
			);
			inputFileListPaths = (
			);
			inputPaths = (
				"${PODS_PODFILE_DIR_PATH}/Podfile.lock",
				"${PODS_ROOT}/Manifest.lock",
			);
			name = "[CP] Check Pods Manifest.lock";
			outputFileListPaths = (
			);
			outputPaths = (
				"$(DERIVED_FILE_DIR)/Pods-API_Call_insta_dmeo-checkManifestLockResult.txt",
			);
			runOnlyForDeploymentPostprocessing = 0;
			shellPath = /bin/sh;
			shellScript = "diff \"${PODS_PODFILE_DIR_PATH}/Podfile.lock\" \"${PODS_ROOT}/Manifest.lock\" > /dev/null\nif [ $? != 0 ] ; then\n    # print error to STDERR\n    echo \"error: The sandbox is not in sync with the Podfile.lock. Run 'pod install' or update your CocoaPods installation.\" >&2\n    exit 1\nfi\n# This output is used by Xcode 'outputs' to avoid re-running this script phase.\necho \"SUCCESS\" > \"${SCRIPT_OUTPUT_FILE_0}\"\n";
			showEnvVarsInLog = 0;
		};
		EF27F4653CEA236FB7C6A28D /* [CP] Embed Pods Frameworks */ = {
			isa = PBXShellScriptBuildPhase;
			buildActionMask = 2147483647;
			files = (
			);
			inputFileListPaths = (
				"${PODS_ROOT}/Target Support Files/Pods-API_Call_insta_dmeo/Pods-API_Call_insta_dmeo-frameworks-${CONFIGURATION}-input-files.xcfilelist",
			);
			name = "[CP] Embed Pods Frameworks";
			outputFileListPaths = (
				"${PODS_ROOT}/Target Support Files/Pods-API_Call_insta_dmeo/Pods-API_Call_insta_dmeo-frameworks-${CONFIGURATION}-output-files.xcfilelist",
			);
			runOnlyForDeploymentPostprocessing = 0;
			shellPath = /bin/sh;
			shellScript = "\"${PODS_ROOT}/Target Support Files/Pods-API_Call_insta_dmeo/Pods-API_Call_insta_dmeo-frameworks.sh\"\n";
			showEnvVarsInLog = 0;
		};
/* End PBXShellScriptBuildPhase section */

/* Begin PBXSourcesBuildPhase section */
		4BFF1DA428C33C7E002A6A65 /* Sources */ = {
			isa = PBXSourcesBuildPhase;
			buildActionMask = 2147483647;
			files = (
				4BFF1DC428C34736002A6A65 /* model.swift in Sources */,
				4BFF1DB028C33C7E002A6A65 /* ViewController.swift in Sources */,
				4BFF1DC028C33D13002A6A65 /* TableViewCell.swift in Sources */,
				4BFF1DAC28C33C7E002A6A65 /* AppDelegate.swift in Sources */,
				4BFF1DAE28C33C7E002A6A65 /* SceneDelegate.swift in Sources */,
			);
			runOnlyForDeploymentPostprocessing = 0;
		};
/* End PBXSourcesBuildPhase section */

/* Begin PBXVariantGroup section */
		4BFF1DB128C33C7E002A6A65 /* Main.storyboard */ = {
			isa = PBXVariantGroup;
			children = (
				4BFF1DB228C33C7E002A6A65 /* Base */,
			);
			name = Main.storyboard;
			sourceTree = "<group>";
		};
		4BFF1DB628C33C7F002A6A65 /* LaunchScreen.storyboard */ = {
			isa = PBXVariantGroup;
			children = (
				4BFF1DB728C33C7F002A6A65 /* Base */,
			);
			name = LaunchScreen.storyboard;
			sourceTree = "<group>";
		};
/* End PBXVariantGroup section */

/* Begin XCBuildConfiguration section */
		4BFF1DBA28C33C7F002A6A65 /* Debug */ = {
			isa = XCBuildConfiguration;
			buildSettings = {
				ALWAYS_SEARCH_USER_PATHS = NO;
				CLANG_ANALYZER_NONNULL = YES;
				CLANG_ANALYZER_NUMBER_OBJECT_CONVERSION = YES_AGGRESSIVE;
				CLANG_CXX_LANGUAGE_STANDARD = "gnu++17";
				CLANG_ENABLE_MODULES = YES;
				CLANG_ENABLE_OBJC_ARC = YES;
				CLANG_ENABLE_OBJC_WEAK = YES;
				CLANG_WARN_BLOCK_CAPTURE_AUTORELEASING = YES;
				CLANG_WARN_BOOL_CONVERSION = YES;
				CLANG_WARN_COMMA = YES;
				CLANG_WARN_CONSTANT_CONVERSION = YES;
				CLANG_WARN_DEPRECATED_OBJC_IMPLEMENTATIONS = YES;
				CLANG_WARN_DIRECT_OBJC_ISA_USAGE = YES_ERROR;
				CLANG_WARN_DOCUMENTATION_COMMENTS = YES;
				CLANG_WARN_EMPTY_BODY = YES;
				CLANG_WARN_ENUM_CONVERSION = YES;
				CLANG_WARN_INFINITE_RECURSION = YES;
				CLANG_WARN_INT_CONVERSION = YES;
				CLANG_WARN_NON_LITERAL_NULL_CONVERSION = YES;
				CLANG_WARN_OBJC_IMPLICIT_RETAIN_SELF = YES;
				CLANG_WARN_OBJC_LITERAL_CONVERSION = YES;
				CLANG_WARN_OBJC_ROOT_CLASS = YES_ERROR;
				CLANG_WARN_QUOTED_INCLUDE_IN_FRAMEWORK_HEADER = YES;
				CLANG_WARN_RANGE_LOOP_ANALYSIS = YES;
				CLANG_WARN_STRICT_PROTOTYPES = YES;
				CLANG_WARN_SUSPICIOUS_MOVE = YES;
				CLANG_WARN_UNGUARDED_AVAILABILITY = YES_AGGRESSIVE;
				CLANG_WARN_UNREACHABLE_CODE = YES;
				CLANG_WARN__DUPLICATE_METHOD_MATCH = YES;
				COPY_PHASE_STRIP = NO;
				DEBUG_INFORMATION_FORMAT = dwarf;
				ENABLE_STRICT_OBJC_MSGSEND = YES;
				ENABLE_TESTABILITY = YES;
				GCC_C_LANGUAGE_STANDARD = gnu11;
				GCC_DYNAMIC_NO_PIC = NO;
				GCC_NO_COMMON_BLOCKS = YES;
				GCC_OPTIMIZATION_LEVEL = 0;
				GCC_PREPROCESSOR_DEFINITIONS = (
					"DEBUG=1",
					"$(inherited)",
				);
				GCC_WARN_64_TO_32_BIT_CONVERSION = YES;
				GCC_WARN_ABOUT_RETURN_TYPE = YES_ERROR;
				GCC_WARN_UNDECLARED_SELECTOR = YES;
				GCC_WARN_UNINITIALIZED_AUTOS = YES_AGGRESSIVE;
				GCC_WARN_UNUSED_FUNCTION = YES;
				GCC_WARN_UNUSED_VARIABLE = YES;
				IPHONEOS_DEPLOYMENT_TARGET = 15.5;
				MTL_ENABLE_DEBUG_INFO = INCLUDE_SOURCE;
				MTL_FAST_MATH = YES;
				ONLY_ACTIVE_ARCH = YES;
				SDKROOT = iphoneos;
				SWIFT_ACTIVE_COMPILATION_CONDITIONS = DEBUG;
				SWIFT_OPTIMIZATION_LEVEL = "-Onone";
			};
			name = Debug;
		};
		4BFF1DBB28C33C7F002A6A65 /* Release */ = {
			isa = XCBuildConfiguration;
			buildSettings = {
				ALWAYS_SEARCH_USER_PATHS = NO;
				CLANG_ANALYZER_NONNULL = YES;
				CLANG_ANALYZER_NUMBER_OBJECT_CONVERSION = YES_AGGRESSIVE;
				CLANG_CXX_LANGUAGE_STANDARD = "gnu++17";
				CLANG_ENABLE_MODULES = YES;
				CLANG_ENABLE_OBJC_ARC = YES;
				CLANG_ENABLE_OBJC_WEAK = YES;
				CLANG_WARN_BLOCK_CAPTURE_AUTORELEASING = YES;
				CLANG_WARN_BOOL_CONVERSION = YES;
				CLANG_WARN_COMMA = YES;
				CLANG_WARN_CONSTANT_CONVERSION = YES;
				CLANG_WARN_DEPRECATED_OBJC_IMPLEMENTATIONS = YES;
				CLANG_WARN_DIRECT_OBJC_ISA_USAGE = YES_ERROR;
				CLANG_WARN_DOCUMENTATION_COMMENTS = YES;
				CLANG_WARN_EMPTY_BODY = YES;
				CLANG_WARN_ENUM_CONVERSION = YES;
				CLANG_WARN_INFINITE_RECURSION = YES;
				CLANG_WARN_INT_CONVERSION = YES;
				CLANG_WARN_NON_LITERAL_NULL_CONVERSION = YES;
				CLANG_WARN_OBJC_IMPLICIT_RETAIN_SELF = YES;
				CLANG_WARN_OBJC_LITERAL_CONVERSION = YES;
				CLANG_WARN_OBJC_ROOT_CLASS = YES_ERROR;
				CLANG_WARN_QUOTED_INCLUDE_IN_FRAMEWORK_HEADER = YES;
				CLANG_WARN_RANGE_LOOP_ANALYSIS = YES;
				CLANG_WARN_STRICT_PROTOTYPES = YES;
				CLANG_WARN_SUSPICIOUS_MOVE = YES;
				CLANG_WARN_UNGUARDED_AVAILABILITY = YES_AGGRESSIVE;
				CLANG_WARN_UNREACHABLE_CODE = YES;
				CLANG_WARN__DUPLICATE_METHOD_MATCH = YES;
				COPY_PHASE_STRIP = NO;
				DEBUG_INFORMATION_FORMAT = "dwarf-with-dsym";
				ENABLE_NS_ASSERTIONS = NO;
				ENABLE_STRICT_OBJC_MSGSEND = YES;
				GCC_C_LANGUAGE_STANDARD = gnu11;
				GCC_NO_COMMON_BLOCKS = YES;
				GCC_WARN_64_TO_32_BIT_CONVERSION = YES;
				GCC_WARN_ABOUT_RETURN_TYPE = YES_ERROR;
				GCC_WARN_UNDECLARED_SELECTOR = YES;
				GCC_WARN_UNINITIALIZED_AUTOS = YES_AGGRESSIVE;
				GCC_WARN_UNUSED_FUNCTION = YES;
				GCC_WARN_UNUSED_VARIABLE = YES;
				IPHONEOS_DEPLOYMENT_TARGET = 15.5;
				MTL_ENABLE_DEBUG_INFO = NO;
				MTL_FAST_MATH = YES;
				SDKROOT = iphoneos;
				SWIFT_COMPILATION_MODE = wholemodule;
				SWIFT_OPTIMIZATION_LEVEL = "-O";
				VALIDATE_PRODUCT = YES;
			};
			name = Release;
		};
		4BFF1DBD28C33C7F002A6A65 /* Debug */ = {
			isa = XCBuildConfiguration;
			baseConfigurationReference = 78DAAF3BBE7B6F1859E83E68 /* Pods-API_Call_insta_dmeo.debug.xcconfig */;
			buildSettings = {
				ASSETCATALOG_COMPILER_APPICON_NAME = AppIcon;
				ASSETCATALOG_COMPILER_GLOBAL_ACCENT_COLOR_NAME = AccentColor;
				CODE_SIGN_STYLE = Automatic;
				CURRENT_PROJECT_VERSION = 1;
				GENERATE_INFOPLIST_FILE = YES;
				INFOPLIST_FILE = API_Call_insta_dmeo/Info.plist;
				INFOPLIST_KEY_UIApplicationSupportsIndirectInputEvents = YES;
				INFOPLIST_KEY_UILaunchStoryboardName = LaunchScreen;
				INFOPLIST_KEY_UIMainStoryboardFile = Main;
				INFOPLIST_KEY_UISupportedInterfaceOrientations_iPad = "UIInterfaceOrientationPortrait UIInterfaceOrientationPortraitUpsideDown UIInterfaceOrientationLandscapeLeft UIInterfaceOrientationLandscapeRight";
				INFOPLIST_KEY_UISupportedInterfaceOrientations_iPhone = "UIInterfaceOrientationPortrait UIInterfaceOrientationLandscapeLeft UIInterfaceOrientationLandscapeRight";
				LD_RUNPATH_SEARCH_PATHS = (
					"$(inherited)",
					"@executable_path/Frameworks",
				);
				MARKETING_VERSION = 1.0;
				PRODUCT_BUNDLE_IDENTIFIER = "Com.Shravnee.API-Call-insta-dmeo";
				PRODUCT_NAME = "$(TARGET_NAME)";
				SWIFT_EMIT_LOC_STRINGS = YES;
				SWIFT_VERSION = 5.0;
				TARGETED_DEVICE_FAMILY = "1,2";
			};
			name = Debug;
		};
		4BFF1DBE28C33C7F002A6A65 /* Release */ = {
			isa = XCBuildConfiguration;
			baseConfigurationReference = 3862C2E135871F264BFC9DD6 /* Pods-API_Call_insta_dmeo.release.xcconfig */;
			buildSettings = {
				ASSETCATALOG_COMPILER_APPICON_NAME = AppIcon;
				ASSETCATALOG_COMPILER_GLOBAL_ACCENT_COLOR_NAME = AccentColor;
				CODE_SIGN_STYLE = Automatic;
				CURRENT_PROJECT_VERSION = 1;
				GENERATE_INFOPLIST_FILE = YES;
				INFOPLIST_FILE = API_Call_insta_dmeo/Info.plist;
				INFOPLIST_KEY_UIApplicationSupportsIndirectInputEvents = YES;
				INFOPLIST_KEY_UILaunchStoryboardName = LaunchScreen;
				INFOPLIST_KEY_UIMainStoryboardFile = Main;
				INFOPLIST_KEY_UISupportedInterfaceOrientations_iPad = "UIInterfaceOrientationPortrait UIInterfaceOrientationPortraitUpsideDown UIInterfaceOrientationLandscapeLeft UIInterfaceOrientationLandscapeRight";
				INFOPLIST_KEY_UISupportedInterfaceOrientations_iPhone = "UIInterfaceOrientationPortrait UIInterfaceOrientationLandscapeLeft UIInterfaceOrientationLandscapeRight";
				LD_RUNPATH_SEARCH_PATHS = (
					"$(inherited)",
					"@executable_path/Frameworks",
				);
				MARKETING_VERSION = 1.0;
				PRODUCT_BUNDLE_IDENTIFIER = "Com.Shravnee.API-Call-insta-dmeo";
				PRODUCT_NAME = "$(TARGET_NAME)";
				SWIFT_EMIT_LOC_STRINGS = YES;
				SWIFT_VERSION = 5.0;
				TARGETED_DEVICE_FAMILY = "1,2";
			};
			name = Release;
		};
/* End XCBuildConfiguration section */

/* Begin XCConfigurationList section */
		4BFF1DA328C33C7E002A6A65 /* Build configuration list for PBXProject "API_Call_insta_dmeo" */ = {
			isa = XCConfigurationList;
			buildConfigurations = (
				4BFF1DBA28C33C7F002A6A65 /* Debug */,
				4BFF1DBB28C33C7F002A6A65 /* Release */,
			);
			defaultConfigurationIsVisible = 0;
			defaultConfigurationName = Release;
		};
		4BFF1DBC28C33C7F002A6A65 /* Build configuration list for PBXNativeTarget "API_Call_insta_dmeo" */ = {
			isa = XCConfigurationList;
			buildConfigurations = (
				4BFF1DBD28C33C7F002A6A65 /* Debug */,
				4BFF1DBE28C33C7F002A6A65 /* Release */,
			);
			defaultConfigurationIsVisible = 0;
			defaultConfigurationName = Release;
		};
/* End XCConfigurationList section */
	};
	rootObject = 4BFF1DA028C33C7E002A6A65 /* Project object */;
}
